
Microsoft Visual Studio Solution File, Format Version 12.00
# Visual Studio Version 17
VisualStudioVersion = 17.10.35122.118
MinimumVisualStudioVersion = 10.0.40219.1
Project("{2150E333-8FDC-42A3-9474-1A3956D46DE8}") = "src", "src", "{25969288-88A0-4B6B-BE15-B705C08369A8}"
EndProject
Project("{FAE04EC0-301F-11D3-BF4B-00C04F79EFBC}") = "SmartAgriculture.API", "SmartAgriculture.API\SmartAgriculture.API.csproj", "{1F51B37D-2DE0-4DD2-862F-9666C920783E}"
EndProject
Project("{2150E333-8FDC-42A3-9474-1A3956D46DE8}") = "API", "API", "{9C0909F7-1FAC-477B-B068-4E9699ACC1B7}"
EndProject
Project("{2150E333-8FDC-42A3-9474-1A3956D46DE8}") = "Core", "Core", "{84F3E64B-3552-439D-9C66-C5D88FBE44E8}"
EndProject
Project("{2150E333-8FDC-42A3-9474-1A3956D46DE8}") = "Infrastructure", "Infrastructure", "{1CC0A431-38D1-4FE1-BC01-04BC657811AD}"
EndProject
Project("{FAE04EC0-301F-11D3-BF4B-00C04F79EFBC}") = "SmartAgriculture.Domain", "SmartAgriculture.Domain\SmartAgriculture.Domain.csproj", "{C0E39397-B269-42E6-9D78-26D42B4BAE1D}"
EndProject
Project("{FAE04EC0-301F-11D3-BF4B-00C04F79EFBC}") = "SmartAgriculture.Application", "SmartAgriculture.Application\SmartAgriculture.Application.csproj", "{2A6D2A37-37B9-4695-AAA5-82F46F23BC07}"
EndProject
Project("{FAE04EC0-301F-11D3-BF4B-00C04F79EFBC}") = "SmartAgriculture.Infrastructure", "SmartAgriculture.Infrastructure\SmartAgriculture.Infrastructure.csproj", "{167C2245-F448-4239-AC32-6DB5629D10A4}"
EndProject
Global
	GlobalSection(SolutionConfigurationPlatforms) = preSolution
		Debug|Any CPU = Debug|Any CPU
		Release|Any CPU = Release|Any CPU
	EndGlobalSection
	GlobalSection(ProjectConfigurationPlatforms) = postSolution
		{1F51B37D-2DE0-4DD2-862F-9666C920783E}.Debug|Any CPU.ActiveCfg = Debug|Any CPU
		{1F51B37D-2DE0-4DD2-862F-9666C920783E}.Debug|Any CPU.Build.0 = Debug|Any CPU
		{1F51B37D-2DE0-4DD2-862F-9666C920783E}.Release|Any CPU.ActiveCfg = Release|Any CPU
		{1F51B37D-2DE0-4DD2-862F-9666C920783E}.Release|Any CPU.Build.0 = Release|Any CPU
		{C0E39397-B269-42E6-9D78-26D42B4BAE1D}.Debug|Any CPU.ActiveCfg = Debug|Any CPU
		{C0E39397-B269-42E6-9D78-26D42B4BAE1D}.Debug|Any CPU.Build.0 = Debug|Any CPU
		{C0E39397-B269-42E6-9D78-26D42B4BAE1D}.Release|Any CPU.ActiveCfg = Release|Any CPU
		{C0E39397-B269-42E6-9D78-26D42B4BAE1D}.Release|Any CPU.Build.0 = Release|Any CPU
		{2A6D2A37-37B9-4695-AAA5-82F46F23BC07}.Debug|Any CPU.ActiveCfg = Debug|Any CPU
		{2A6D2A37-37B9-4695-AAA5-82F46F23BC07}.Debug|Any CPU.Build.0 = Debug|Any CPU
		{2A6D2A37-37B9-4695-AAA5-82F46F23BC07}.Release|Any CPU.ActiveCfg = Release|Any CPU
		{2A6D2A37-37B9-4695-AAA5-82F46F23BC07}.Release|Any CPU.Build.0 = Release|Any CPU
		{167C2245-F448-4239-AC32-6DB5629D10A4}.Debug|Any CPU.ActiveCfg = Debug|Any CPU
		{167C2245-F448-4239-AC32-6DB5629D10A4}.Debug|Any CPU.Build.0 = Debug|Any CPU
		{167C2245-F448-4239-AC32-6DB5629D10A4}.Release|Any CPU.ActiveCfg = Release|Any CPU
		{167C2245-F448-4239-AC32-6DB5629D10A4}.Release|Any CPU.Build.0 = Release|Any CPU
	EndGlobalSection
	GlobalSection(SolutionProperties) = preSolution
		HideSolutionNode = FALSE
	EndGlobalSection
	GlobalSection(NestedProjects) = preSolution
		{1F51B37D-2DE0-4DD2-862F-9666C920783E} = {9C0909F7-1FAC-477B-B068-4E9699ACC1B7}
		{9C0909F7-1FAC-477B-B068-4E9699ACC1B7} = {25969288-88A0-4B6B-BE15-B705C08369A8}
		{84F3E64B-3552-439D-9C66-C5D88FBE44E8} = {25969288-88A0-4B6B-BE15-B705C08369A8}
		{1CC0A431-38D1-4FE1-BC01-04BC657811AD} = {25969288-88A0-4B6B-BE15-B705C08369A8}
		{C0E39397-B269-42E6-9D78-26D42B4BAE1D} = {84F3E64B-3552-439D-9C66-C5D88FBE44E8}
		{2A6D2A37-37B9-4695-AAA5-82F46F23BC07} = {84F3E64B-3552-439D-9C66-C5D88FBE44E8}
		{167C2245-F448-4239-AC32-6DB5629D10A4} = {1CC0A431-38D1-4FE1-BC01-04BC657811AD}
	EndGlobalSection
	GlobalSection(ExtensibilityGlobals) = postSolution
		SolutionGuid = {70652687-DA02-4380-B734-077327AAA72E}
	EndGlobalSection
EndGlobal
